
Microsoft Visual Studio Solution File, Format Version 12.00
# Visual Studio 15
VisualStudioVersion = 15.0.27428.2037
MinimumVisualStudioVersion = 10.0.40219.1
Project("{FAE04EC0-301F-11D3-BF4B-00C04F79EFBC}") = "PartyInvites", "PartyInvites\PartyInvites.csproj", "{26BC945E-46D9-489F-814F-D92D9F1AD38E}"
EndProject
Project("{2150E333-8FDC-42A3-9474-1A3956D46DE8}") = "Content", "Content", "{BB9A601C-4153-4CEE-8F53-8CE0B727C2D5}"
	ProjectSection(SolutionItems) = preProject
		Styles.css = Styles.css
	EndProjectSection
EndProject
Global
	GlobalSection(SolutionConfigurationPlatforms) = preSolution
		Debug|Any CPU = Debug|Any CPU
		Release|Any CPU = Release|Any CPU
	EndGlobalSection
	GlobalSection(ProjectConfigurationPlatforms) = postSolution
		{26BC945E-46D9-489F-814F-D92D9F1AD38E}.Debug|Any CPU.ActiveCfg = Debug|Any CPU
		{26BC945E-46D9-489F-814F-D92D9F1AD38E}.Debug|Any CPU.Build.0 = Debug|Any CPU
		{26BC945E-46D9-489F-814F-D92D9F1AD38E}.Release|Any CPU.ActiveCfg = Release|Any CPU
		{26BC945E-46D9-489F-814F-D92D9F1AD38E}.Release|Any CPU.Build.0 = Release|Any CPU
	EndGlobalSection
	GlobalSection(SolutionProperties) = preSolution
		HideSolutionNode = FALSE
	EndGlobalSection
	GlobalSection(ExtensibilityGlobals) = postSolution
		SolutionGuid = {12F84D3D-76E6-4C9C-8A1A-6C870CA3FDF2}
	EndGlobalSection
EndGlobal
